// !$*UTF8*$!
{
	archiveVersion = 1;
	classes = {
	};
	objectVersion = 56;
	objects = {

/* Begin PBXBuildFile section */
		3B3CB30E2C2C1080005A69AA /* Profile.swift in Sources */ = {isa = PBXBuildFile; fileRef = 3B3CB30D2C2C1080005A69AA /* Profile.swift */; };
		3B3CB3102C2C10E1005A69AA /* FoodDiary.swift in Sources */ = {isa = PBXBuildFile; fileRef = 3B3CB30F2C2C10E1005A69AA /* FoodDiary.swift */; };
		204B1B452C2C7A55009039E7 /* OnboardingViewModel.swift in Sources */ = {isa = PBXBuildFile; fileRef = 204B1B442C2C7A55009039E7 /* OnboardingViewModel.swift */; };
		204B1B472C2C7AFF009039E7 /* BMRModel.swift in Sources */ = {isa = PBXBuildFile; fileRef = 204B1B462C2C7AFF009039E7 /* BMRModel.swift */; };
		204B1B4A2C2C9DF3009039E7 /* Formatter.swift in Sources */ = {isa = PBXBuildFile; fileRef = 204B1B492C2C9DF3009039E7 /* Formatter.swift */; };
		204B1B4C2C2C9E8A009039E7 /* OnboardingCatName.swift in Sources */ = {isa = PBXBuildFile; fileRef = 204B1B4B2C2C9E8A009039E7 /* OnboardingCatName.swift */; };
		204B1B4E2C2CF681009039E7 /* UserCatModel.swift in Sources */ = {isa = PBXBuildFile; fileRef = 204B1B4D2C2CF681009039E7 /* UserCatModel.swift */; };
		204B1B502C2CF6F8009039E7 /* UserCatViewModel.swift in Sources */ = {isa = PBXBuildFile; fileRef = 204B1B4F2C2CF6F8009039E7 /* UserCatViewModel.swift */; };
		20FCA8922C2BBF4600E3546E /* OnboardingStart.swift in Sources */ = {isa = PBXBuildFile; fileRef = 20FCA8912C2BBF4600E3546E /* OnboardingStart.swift */; };
		20FCA8942C2BC28E00E3546E /* OnboardingGenderSelect.swift in Sources */ = {isa = PBXBuildFile; fileRef = 20FCA8932C2BC28E00E3546E /* OnboardingGenderSelect.swift */; };
		20FCA8962C2BC35100E3546E /* OnboardingAge.swift in Sources */ = {isa = PBXBuildFile; fileRef = 20FCA8952C2BC35100E3546E /* OnboardingAge.swift */; };
		20FCA8982C2BC3C400E3546E /* OnboardingHeightWeight.swift in Sources */ = {isa = PBXBuildFile; fileRef = 20FCA8972C2BC3C400E3546E /* OnboardingHeightWeight.swift */; };
		20FCA89A2C2BC4A200E3546E /* OnboardingPersonalData.swift in Sources */ = {isa = PBXBuildFile; fileRef = 20FCA8992C2BC4A200E3546E /* OnboardingPersonalData.swift */; };
		20FCA89E2C2BE77200E3546E /* UserPersonalDataModel.swift in Sources */ = {isa = PBXBuildFile; fileRef = 20FCA89D2C2BE77200E3546E /* UserPersonalDataModel.swift */; };
		20FCA8A02C2C0AF300E3546E /* OnboardingDoneSet.swift in Sources */ = {isa = PBXBuildFile; fileRef = 20FCA89F2C2C0AF300E3546E /* OnboardingDoneSet.swift */; };
		20FCA8A22C2C33B100E3546E /* OnboardingExerciseSelect.swift in Sources */ = {isa = PBXBuildFile; fileRef = 20FCA8A12C2C33B100E3546E /* OnboardingExerciseSelect.swift */; };
		F6890EA62C2BBB320042C151 /* MeowBitesApp.swift in Sources */ = {isa = PBXBuildFile; fileRef = F6890EA52C2BBB320042C151 /* MeowBitesApp.swift */; };
		F6890EA82C2BBB320042C151 /* ContentView.swift in Sources */ = {isa = PBXBuildFile; fileRef = F6890EA72C2BBB320042C151 /* ContentView.swift */; };
		F6890EAA2C2BBB330042C151 /* Assets.xcassets in Resources */ = {isa = PBXBuildFile; fileRef = F6890EA92C2BBB330042C151 /* Assets.xcassets */; };
		F6890EAD2C2BBB330042C151 /* Preview Assets.xcassets in Resources */ = {isa = PBXBuildFile; fileRef = F6890EAC2C2BBB330042C151 /* Preview Assets.xcassets */; };
		F6890EB72C2BBE100042C151 /* FoodModel.swift in Sources */ = {isa = PBXBuildFile; fileRef = F6890EB62C2BBE100042C151 /* FoodModel.swift */; };
		F6890EBA2C2BBE2C0042C151 /* ChipModel.swift in Sources */ = {isa = PBXBuildFile; fileRef = F6890EB92C2BBE2C0042C151 /* ChipModel.swift */; };
		F6890EBE2C2BBE6E0042C151 /* Home.swift in Sources */ = {isa = PBXBuildFile; fileRef = F6890EBD2C2BBE6E0042C151 /* Home.swift */; };
		F6890EC12C2BBE9C0042C151 /* FoodLogging.swift in Sources */ = {isa = PBXBuildFile; fileRef = F6890EC02C2BBE9C0042C151 /* FoodLogging.swift */; };
		F6890EC32C2BBEA90042C151 /* FoodPlate.swift in Sources */ = {isa = PBXBuildFile; fileRef = F6890EC22C2BBEA90042C151 /* FoodPlate.swift */; };
		F6890EC62C2BBEC60042C151 /* FoodCardView.swift in Sources */ = {isa = PBXBuildFile; fileRef = F6890EC52C2BBEC60042C151 /* FoodCardView.swift */; };
		F6890EC82C2BBED80042C151 /* LogSummary.swift in Sources */ = {isa = PBXBuildFile; fileRef = F6890EC72C2BBED80042C151 /* LogSummary.swift */; };
		F6890ECA2C2BBEEB0042C151 /* NutritionBar.swift in Sources */ = {isa = PBXBuildFile; fileRef = F6890EC92C2BBEEB0042C151 /* NutritionBar.swift */; };
		F6890ECC2C2BBEFB0042C151 /* FilterChip.swift in Sources */ = {isa = PBXBuildFile; fileRef = F6890ECB2C2BBEFB0042C151 /* FilterChip.swift */; };
		F6890ECE2C2BBF1A0042C151 /* FoodLogViewModel.swift in Sources */ = {isa = PBXBuildFile; fileRef = F6890ECD2C2BBF1A0042C151 /* FoodLogViewModel.swift */; };
		F6890ED02C2BBF2E0042C151 /* FoodServing.swift in Sources */ = {isa = PBXBuildFile; fileRef = F6890ECF2C2BBF2E0042C151 /* FoodServing.swift */; };
		F6890ED22C2BE4880042C151 /* PlateCardView.swift in Sources */ = {isa = PBXBuildFile; fileRef = F6890ED12C2BE4880042C151 /* PlateCardView.swift */; };
		F6D983FA2C2C3CC200C53D53 /* FoodPlateModel.swift in Sources */ = {isa = PBXBuildFile; fileRef = F6D983F92C2C3CC200C53D53 /* FoodPlateModel.swift */; };
		F6D983FC2C2C527D00C53D53 /* FoodList.swift in Sources */ = {isa = PBXBuildFile; fileRef = F6D983FB2C2C527D00C53D53 /* FoodList.swift */; };
		F6D984002C2C638600C53D53 /* FoodDetail.swift in Sources */ = {isa = PBXBuildFile; fileRef = F6D983FF2C2C638600C53D53 /* FoodDetail.swift */; };
/* End PBXBuildFile section */

/* Begin PBXFileReference section */
		3B3CB30D2C2C1080005A69AA /* Profile.swift */ = {isa = PBXFileReference; lastKnownFileType = sourcecode.swift; path = Profile.swift; sourceTree = "<group>"; };
		3B3CB30F2C2C10E1005A69AA /* FoodDiary.swift */ = {isa = PBXFileReference; lastKnownFileType = sourcecode.swift; path = FoodDiary.swift; sourceTree = "<group>"; };
		204B1B442C2C7A55009039E7 /* OnboardingViewModel.swift */ = {isa = PBXFileReference; lastKnownFileType = sourcecode.swift; path = OnboardingViewModel.swift; sourceTree = "<group>"; };
		204B1B462C2C7AFF009039E7 /* BMRModel.swift */ = {isa = PBXFileReference; lastKnownFileType = sourcecode.swift; path = BMRModel.swift; sourceTree = "<group>"; };
		204B1B492C2C9DF3009039E7 /* Formatter.swift */ = {isa = PBXFileReference; lastKnownFileType = sourcecode.swift; path = Formatter.swift; sourceTree = "<group>"; };
		204B1B4B2C2C9E8A009039E7 /* OnboardingCatName.swift */ = {isa = PBXFileReference; lastKnownFileType = sourcecode.swift; path = OnboardingCatName.swift; sourceTree = "<group>"; };
		204B1B4D2C2CF681009039E7 /* UserCatModel.swift */ = {isa = PBXFileReference; lastKnownFileType = sourcecode.swift; path = UserCatModel.swift; sourceTree = "<group>"; };
		204B1B4F2C2CF6F8009039E7 /* UserCatViewModel.swift */ = {isa = PBXFileReference; lastKnownFileType = sourcecode.swift; path = UserCatViewModel.swift; sourceTree = "<group>"; };
		20FCA8912C2BBF4600E3546E /* OnboardingStart.swift */ = {isa = PBXFileReference; lastKnownFileType = sourcecode.swift; path = OnboardingStart.swift; sourceTree = "<group>"; };
		20FCA8932C2BC28E00E3546E /* OnboardingGenderSelect.swift */ = {isa = PBXFileReference; lastKnownFileType = sourcecode.swift; path = OnboardingGenderSelect.swift; sourceTree = "<group>"; };
		20FCA8952C2BC35100E3546E /* OnboardingAge.swift */ = {isa = PBXFileReference; lastKnownFileType = sourcecode.swift; path = OnboardingAge.swift; sourceTree = "<group>"; };
		20FCA8972C2BC3C400E3546E /* OnboardingHeightWeight.swift */ = {isa = PBXFileReference; lastKnownFileType = sourcecode.swift; path = OnboardingHeightWeight.swift; sourceTree = "<group>"; };
		20FCA8992C2BC4A200E3546E /* OnboardingPersonalData.swift */ = {isa = PBXFileReference; lastKnownFileType = sourcecode.swift; path = OnboardingPersonalData.swift; sourceTree = "<group>"; };
		20FCA89D2C2BE77200E3546E /* UserPersonalDataModel.swift */ = {isa = PBXFileReference; lastKnownFileType = sourcecode.swift; path = UserPersonalDataModel.swift; sourceTree = "<group>"; };
		20FCA89F2C2C0AF300E3546E /* OnboardingDoneSet.swift */ = {isa = PBXFileReference; lastKnownFileType = sourcecode.swift; path = OnboardingDoneSet.swift; sourceTree = "<group>"; };
		20FCA8A12C2C33B100E3546E /* OnboardingExerciseSelect.swift */ = {isa = PBXFileReference; lastKnownFileType = sourcecode.swift; path = OnboardingExerciseSelect.swift; sourceTree = "<group>"; };
		F6890EA22C2BBB320042C151 /* MeowBites.app */ = {isa = PBXFileReference; explicitFileType = wrapper.application; includeInIndex = 0; path = MeowBites.app; sourceTree = BUILT_PRODUCTS_DIR; };
		F6890EA52C2BBB320042C151 /* MeowBitesApp.swift */ = {isa = PBXFileReference; lastKnownFileType = sourcecode.swift; path = MeowBitesApp.swift; sourceTree = "<group>"; };
		F6890EA72C2BBB320042C151 /* ContentView.swift */ = {isa = PBXFileReference; lastKnownFileType = sourcecode.swift; path = ContentView.swift; sourceTree = "<group>"; };
		F6890EA92C2BBB330042C151 /* Assets.xcassets */ = {isa = PBXFileReference; lastKnownFileType = folder.assetcatalog; path = Assets.xcassets; sourceTree = "<group>"; };
		F6890EAC2C2BBB330042C151 /* Preview Assets.xcassets */ = {isa = PBXFileReference; lastKnownFileType = folder.assetcatalog; path = "Preview Assets.xcassets"; sourceTree = "<group>"; };
		F6890EB62C2BBE100042C151 /* FoodModel.swift */ = {isa = PBXFileReference; lastKnownFileType = sourcecode.swift; path = FoodModel.swift; sourceTree = "<group>"; };
		F6890EB92C2BBE2C0042C151 /* ChipModel.swift */ = {isa = PBXFileReference; lastKnownFileType = sourcecode.swift; path = ChipModel.swift; sourceTree = "<group>"; };
		F6890EBD2C2BBE6E0042C151 /* Home.swift */ = {isa = PBXFileReference; lastKnownFileType = sourcecode.swift; path = Home.swift; sourceTree = "<group>"; };
		F6890EC02C2BBE9C0042C151 /* FoodLogging.swift */ = {isa = PBXFileReference; lastKnownFileType = sourcecode.swift; path = FoodLogging.swift; sourceTree = "<group>"; };
		F6890EC22C2BBEA90042C151 /* FoodPlate.swift */ = {isa = PBXFileReference; lastKnownFileType = sourcecode.swift; path = FoodPlate.swift; sourceTree = "<group>"; };
		F6890EC52C2BBEC60042C151 /* FoodCardView.swift */ = {isa = PBXFileReference; lastKnownFileType = sourcecode.swift; path = FoodCardView.swift; sourceTree = "<group>"; };
		F6890EC72C2BBED80042C151 /* LogSummary.swift */ = {isa = PBXFileReference; lastKnownFileType = sourcecode.swift; path = LogSummary.swift; sourceTree = "<group>"; };
		F6890EC92C2BBEEB0042C151 /* NutritionBar.swift */ = {isa = PBXFileReference; lastKnownFileType = sourcecode.swift; path = NutritionBar.swift; sourceTree = "<group>"; };
		F6890ECB2C2BBEFB0042C151 /* FilterChip.swift */ = {isa = PBXFileReference; lastKnownFileType = sourcecode.swift; path = FilterChip.swift; sourceTree = "<group>"; };
		F6890ECD2C2BBF1A0042C151 /* FoodLogViewModel.swift */ = {isa = PBXFileReference; lastKnownFileType = sourcecode.swift; path = FoodLogViewModel.swift; sourceTree = "<group>"; };
		F6890ECF2C2BBF2E0042C151 /* FoodServing.swift */ = {isa = PBXFileReference; lastKnownFileType = sourcecode.swift; path = FoodServing.swift; sourceTree = "<group>"; };
		F6890ED12C2BE4880042C151 /* PlateCardView.swift */ = {isa = PBXFileReference; lastKnownFileType = sourcecode.swift; path = PlateCardView.swift; sourceTree = "<group>"; };
		F6D983F92C2C3CC200C53D53 /* FoodPlateModel.swift */ = {isa = PBXFileReference; lastKnownFileType = sourcecode.swift; path = FoodPlateModel.swift; sourceTree = "<group>"; };
		F6D983FB2C2C527D00C53D53 /* FoodList.swift */ = {isa = PBXFileReference; lastKnownFileType = sourcecode.swift; path = FoodList.swift; sourceTree = "<group>"; };
		F6D983FF2C2C638600C53D53 /* FoodDetail.swift */ = {isa = PBXFileReference; lastKnownFileType = sourcecode.swift; path = FoodDetail.swift; sourceTree = "<group>"; };
/* End PBXFileReference section */

/* Begin PBXFrameworksBuildPhase section */
		F6890E9F2C2BBB320042C151 /* Frameworks */ = {
			isa = PBXFrameworksBuildPhase;
			buildActionMask = 2147483647;
			files = (
			);
			runOnlyForDeploymentPostprocessing = 0;
		};
/* End PBXFrameworksBuildPhase section */

/* Begin PBXGroup section */
		3B3CB30C2C2C105B005A69AA /* View */ = {
			isa = PBXGroup;
			children = (
				3B3CB30D2C2C1080005A69AA /* Profile.swift */,
				3B3CB30F2C2C10E1005A69AA /* FoodDiary.swift */,
		204B1B432C2C7A3B009039E7 /* ViewModel */ = {
			isa = PBXGroup;
			children = (
				204B1B442C2C7A55009039E7 /* OnboardingViewModel.swift */,
				204B1B4F2C2CF6F8009039E7 /* UserCatViewModel.swift */,
			);
			path = ViewModel;
			sourceTree = "<group>";
		};
		204B1B482C2C9DDF009039E7 /* Helper */ = {
			isa = PBXGroup;
			children = (
				204B1B492C2C9DF3009039E7 /* Formatter.swift */,
			);
			path = Helper;
			sourceTree = "<group>";
		};
		20FCA8902C2BBF2D00E3546E /* View */ = {
			isa = PBXGroup;
			children = (
				20FCA89B2C2BC6D400E3546E /* Onboarding */,
			);
			path = View;
			sourceTree = "<group>";
		};
		20FCA89B2C2BC6D400E3546E /* Onboarding */ = {
			isa = PBXGroup;
			children = (
				20FCA8912C2BBF4600E3546E /* OnboardingStart.swift */,
				20FCA8932C2BC28E00E3546E /* OnboardingGenderSelect.swift */,
				20FCA8952C2BC35100E3546E /* OnboardingAge.swift */,
				20FCA8972C2BC3C400E3546E /* OnboardingHeightWeight.swift */,
				20FCA8992C2BC4A200E3546E /* OnboardingPersonalData.swift */,
				20FCA89F2C2C0AF300E3546E /* OnboardingDoneSet.swift */,
				20FCA8A12C2C33B100E3546E /* OnboardingExerciseSelect.swift */,
				204B1B4B2C2C9E8A009039E7 /* OnboardingCatName.swift */,
			);
			path = Onboarding;
			sourceTree = "<group>";
		};
		20FCA89C2C2BE74C00E3546E /* Model */ = {
			isa = PBXGroup;
			children = (
				20FCA89D2C2BE77200E3546E /* UserPersonalDataModel.swift */,
				204B1B462C2C7AFF009039E7 /* BMRModel.swift */,
				204B1B4D2C2CF681009039E7 /* UserCatModel.swift */,
			);
			path = Model;
			sourceTree = "<group>";
		};
		F6890E992C2BBB320042C151 = {
			isa = PBXGroup;
			children = (
				F6890EA42C2BBB320042C151 /* MeowBites */,
				F6890EA32C2BBB320042C151 /* Products */,
			);
			sourceTree = "<group>";
		};
		F6890EA32C2BBB320042C151 /* Products */ = {
			isa = PBXGroup;
			children = (
				F6890EA22C2BBB320042C151 /* MeowBites.app */,
			);
			name = Products;
			sourceTree = "<group>";
		};
		F6890EA42C2BBB320042C151 /* MeowBites */ = {
			isa = PBXGroup;
			children = (
				F6890EB32C2BBDFB0042C151 /* ViewModel */,
				F6890EB52C2BBE060042C151 /* Model */,
				F6890EB42C2BBE000042C151 /* View */,
				3B3CB30C2C2C105B005A69AA /* View */,
				204B1B482C2C9DDF009039E7 /* Helper */,
				204B1B432C2C7A3B009039E7 /* ViewModel */,
				20FCA89C2C2BE74C00E3546E /* Model */,
				20FCA8902C2BBF2D00E3546E /* View */,
				F6890EA52C2BBB320042C151 /* MeowBitesApp.swift */,
				F6890EA72C2BBB320042C151 /* ContentView.swift */,
				F6890EA92C2BBB330042C151 /* Assets.xcassets */,
				F6890EAB2C2BBB330042C151 /* Preview Content */,
			);
			path = MeowBites;
			sourceTree = "<group>";
		};
		F6890EAB2C2BBB330042C151 /* Preview Content */ = {
			isa = PBXGroup;
			children = (
				F6890EAC2C2BBB330042C151 /* Preview Assets.xcassets */,
			);
			path = "Preview Content";
			sourceTree = "<group>";
		};
		F6890EB32C2BBDFB0042C151 /* ViewModel */ = {
			isa = PBXGroup;
			children = (
				F6890ECD2C2BBF1A0042C151 /* FoodLogViewModel.swift */,
			);
			path = ViewModel;
			sourceTree = "<group>";
		};
		F6890EB42C2BBE000042C151 /* View */ = {
			isa = PBXGroup;
			children = (
				F6D983FD2C2C637100C53D53 /* FoodDetail */,
				F6890EC42C2BBEB60042C151 /* Components */,
				F6890EBF2C2BBE870042C151 /* FoodLogging */,
				F6890EBC2C2BBE650042C151 /* Home */,
			);
			path = View;
			sourceTree = "<group>";
		};
		F6890EB52C2BBE060042C151 /* Model */ = {
			isa = PBXGroup;
			children = (
				F6890EB62C2BBE100042C151 /* FoodModel.swift */,
				F6890EB92C2BBE2C0042C151 /* ChipModel.swift */,
				F6890ECF2C2BBF2E0042C151 /* FoodServing.swift */,
				F6D983F92C2C3CC200C53D53 /* FoodPlateModel.swift */,
			);
			path = Model;
			sourceTree = "<group>";
		};
		F6890EBC2C2BBE650042C151 /* Home */ = {
			isa = PBXGroup;
			children = (
				F6890EBD2C2BBE6E0042C151 /* Home.swift */,
			);
			path = Home;
			sourceTree = "<group>";
		};
		F6890EBF2C2BBE870042C151 /* FoodLogging */ = {
			isa = PBXGroup;
			children = (
				F6890EC02C2BBE9C0042C151 /* FoodLogging.swift */,
				F6890EC22C2BBEA90042C151 /* FoodPlate.swift */,
			);
			path = FoodLogging;
			sourceTree = "<group>";
		};
		F6890EC42C2BBEB60042C151 /* Components */ = {
			isa = PBXGroup;
			children = (
				F6890EC52C2BBEC60042C151 /* FoodCardView.swift */,
				F6890EC72C2BBED80042C151 /* LogSummary.swift */,
				F6890EC92C2BBEEB0042C151 /* NutritionBar.swift */,
				F6890ECB2C2BBEFB0042C151 /* FilterChip.swift */,
				F6890ED12C2BE4880042C151 /* PlateCardView.swift */,
				F6D983FB2C2C527D00C53D53 /* FoodList.swift */,
			);
			path = Components;
			sourceTree = "<group>";
		};
		F6D983FD2C2C637100C53D53 /* FoodDetail */ = {
			isa = PBXGroup;
			children = (
				F6D983FF2C2C638600C53D53 /* FoodDetail.swift */,
			);
			path = FoodDetail;
			sourceTree = "<group>";
		};
/* End PBXGroup section */

/* Begin PBXNativeTarget section */
		F6890EA12C2BBB320042C151 /* MeowBites */ = {
			isa = PBXNativeTarget;
			buildConfigurationList = F6890EB02C2BBB330042C151 /* Build configuration list for PBXNativeTarget "MeowBites" */;
			buildPhases = (
				F6890E9E2C2BBB320042C151 /* Sources */,
				F6890E9F2C2BBB320042C151 /* Frameworks */,
				F6890EA02C2BBB320042C151 /* Resources */,
			);
			buildRules = (
			);
			dependencies = (
			);
			name = MeowBites;
			productName = MeowBites;
			productReference = F6890EA22C2BBB320042C151 /* MeowBites.app */;
			productType = "com.apple.product-type.application";
		};
/* End PBXNativeTarget section */

/* Begin PBXProject section */
		F6890E9A2C2BBB320042C151 /* Project object */ = {
			isa = PBXProject;
			attributes = {
				BuildIndependentTargetsInParallel = 1;
				LastSwiftUpdateCheck = 1530;
				LastUpgradeCheck = 1530;
				TargetAttributes = {
					F6890EA12C2BBB320042C151 = {
						CreatedOnToolsVersion = 15.3;
					};
				};
			};
			buildConfigurationList = F6890E9D2C2BBB320042C151 /* Build configuration list for PBXProject "MeowBites" */;
			compatibilityVersion = "Xcode 14.0";
			developmentRegion = en;
			hasScannedForEncodings = 0;
			knownRegions = (
				en,
				Base,
			);
			mainGroup = F6890E992C2BBB320042C151;
			productRefGroup = F6890EA32C2BBB320042C151 /* Products */;
			projectDirPath = "";
			projectRoot = "";
			targets = (
				F6890EA12C2BBB320042C151 /* MeowBites */,
			);
		};
/* End PBXProject section */

/* Begin PBXResourcesBuildPhase section */
		F6890EA02C2BBB320042C151 /* Resources */ = {
			isa = PBXResourcesBuildPhase;
			buildActionMask = 2147483647;
			files = (
				F6890EAD2C2BBB330042C151 /* Preview Assets.xcassets in Resources */,
				F6890EAA2C2BBB330042C151 /* Assets.xcassets in Resources */,
			);
			runOnlyForDeploymentPostprocessing = 0;
		};
/* End PBXResourcesBuildPhase section */

/* Begin PBXSourcesBuildPhase section */
		F6890E9E2C2BBB320042C151 /* Sources */ = {
			isa = PBXSourcesBuildPhase;
			buildActionMask = 2147483647;
			files = (
				F6890ED02C2BBF2E0042C151 /* FoodServing.swift in Sources */,
				F6890EB72C2BBE100042C151 /* FoodModel.swift in Sources */,
				F6890EC82C2BBED80042C151 /* LogSummary.swift in Sources */,
				F6890EC32C2BBEA90042C151 /* FoodPlate.swift in Sources */,
				F6D984002C2C638600C53D53 /* FoodDetail.swift in Sources */,
				F6890ECE2C2BBF1A0042C151 /* FoodLogViewModel.swift in Sources */,
				F6890EC62C2BBEC60042C151 /* FoodCardView.swift in Sources */,
				F6D983FA2C2C3CC200C53D53 /* FoodPlateModel.swift in Sources */,
				F6890EA82C2BBB320042C151 /* ContentView.swift in Sources */,
				F6890EBE2C2BBE6E0042C151 /* Home.swift in Sources */,
				F6890ECA2C2BBEEB0042C151 /* NutritionBar.swift in Sources */,
				F6890EC12C2BBE9C0042C151 /* FoodLogging.swift in Sources */,
				F6890EA62C2BBB320042C151 /* MeowBitesApp.swift in Sources */,
				F6890EBA2C2BBE2C0042C151 /* ChipModel.swift in Sources */,
				F6D983FC2C2C527D00C53D53 /* FoodList.swift in Sources */,
				F6890ECC2C2BBEFB0042C151 /* FilterChip.swift in Sources */,
				F6890ED22C2BE4880042C151 /* PlateCardView.swift in Sources */,
				20FCA8A02C2C0AF300E3546E /* OnboardingDoneSet.swift in Sources */,
				204B1B4A2C2C9DF3009039E7 /* Formatter.swift in Sources */,
				20FCA89A2C2BC4A200E3546E /* OnboardingPersonalData.swift in Sources */,
				20FCA8962C2BC35100E3546E /* OnboardingAge.swift in Sources */,
				204B1B502C2CF6F8009039E7 /* UserCatViewModel.swift in Sources */,
				20FCA8982C2BC3C400E3546E /* OnboardingHeightWeight.swift in Sources */,
				F6890EA82C2BBB320042C151 /* ContentView.swift in Sources */,
				3B3CB30E2C2C1080005A69AA /* Profile.swift in Sources */,
				F6890EA62C2BBB320042C151 /* MeowBitesApp.swift in Sources */,
				3B3CB3102C2C10E1005A69AA /* FoodDiary.swift in Sources */,
				204B1B4C2C2C9E8A009039E7 /* OnboardingCatName.swift in Sources */,
				204B1B4E2C2CF681009039E7 /* UserCatModel.swift in Sources */,
				20FCA89E2C2BE77200E3546E /* UserPersonalDataModel.swift in Sources */,
				20FCA8922C2BBF4600E3546E /* OnboardingStart.swift in Sources */,
				204B1B472C2C7AFF009039E7 /* BMRModel.swift in Sources */,
				F6890EA62C2BBB320042C151 /* MeowBitesApp.swift in Sources */,
				204B1B452C2C7A55009039E7 /* OnboardingViewModel.swift in Sources */,
				20FCA8A22C2C33B100E3546E /* OnboardingExerciseSelect.swift in Sources */,
				20FCA8942C2BC28E00E3546E /* OnboardingGenderSelect.swift in Sources */,
			);
			runOnlyForDeploymentPostprocessing = 0;
		};
/* End PBXSourcesBuildPhase section */

/* Begin XCBuildConfiguration section */
		F6890EAE2C2BBB330042C151 /* Debug */ = {
			isa = XCBuildConfiguration;
			buildSettings = {
				ALWAYS_SEARCH_USER_PATHS = NO;
				ASSETCATALOG_COMPILER_GENERATE_SWIFT_ASSET_SYMBOL_EXTENSIONS = YES;
				CLANG_ANALYZER_NONNULL = YES;
				CLANG_ANALYZER_NUMBER_OBJECT_CONVERSION = YES_AGGRESSIVE;
				CLANG_CXX_LANGUAGE_STANDARD = "gnu++20";
				CLANG_ENABLE_MODULES = YES;
				CLANG_ENABLE_OBJC_ARC = YES;
				CLANG_ENABLE_OBJC_WEAK = YES;
				CLANG_WARN_BLOCK_CAPTURE_AUTORELEASING = YES;
				CLANG_WARN_BOOL_CONVERSION = YES;
				CLANG_WARN_COMMA = YES;
				CLANG_WARN_CONSTANT_CONVERSION = YES;
				CLANG_WARN_DEPRECATED_OBJC_IMPLEMENTATIONS = YES;
				CLANG_WARN_DIRECT_OBJC_ISA_USAGE = YES_ERROR;
				CLANG_WARN_DOCUMENTATION_COMMENTS = YES;
				CLANG_WARN_EMPTY_BODY = YES;
				CLANG_WARN_ENUM_CONVERSION = YES;
				CLANG_WARN_INFINITE_RECURSION = YES;
				CLANG_WARN_INT_CONVERSION = YES;
				CLANG_WARN_NON_LITERAL_NULL_CONVERSION = YES;
				CLANG_WARN_OBJC_IMPLICIT_RETAIN_SELF = YES;
				CLANG_WARN_OBJC_LITERAL_CONVERSION = YES;
				CLANG_WARN_OBJC_ROOT_CLASS = YES_ERROR;
				CLANG_WARN_QUOTED_INCLUDE_IN_FRAMEWORK_HEADER = YES;
				CLANG_WARN_RANGE_LOOP_ANALYSIS = YES;
				CLANG_WARN_STRICT_PROTOTYPES = YES;
				CLANG_WARN_SUSPICIOUS_MOVE = YES;
				CLANG_WARN_UNGUARDED_AVAILABILITY = YES_AGGRESSIVE;
				CLANG_WARN_UNREACHABLE_CODE = YES;
				CLANG_WARN__DUPLICATE_METHOD_MATCH = YES;
				COPY_PHASE_STRIP = NO;
				DEBUG_INFORMATION_FORMAT = dwarf;
				ENABLE_STRICT_OBJC_MSGSEND = YES;
				ENABLE_TESTABILITY = YES;
				ENABLE_USER_SCRIPT_SANDBOXING = YES;
				GCC_C_LANGUAGE_STANDARD = gnu17;
				GCC_DYNAMIC_NO_PIC = NO;
				GCC_NO_COMMON_BLOCKS = YES;
				GCC_OPTIMIZATION_LEVEL = 0;
				GCC_PREPROCESSOR_DEFINITIONS = (
					"DEBUG=1",
					"$(inherited)",
				);
				GCC_WARN_64_TO_32_BIT_CONVERSION = YES;
				GCC_WARN_ABOUT_RETURN_TYPE = YES_ERROR;
				GCC_WARN_UNDECLARED_SELECTOR = YES;
				GCC_WARN_UNINITIALIZED_AUTOS = YES_AGGRESSIVE;
				GCC_WARN_UNUSED_FUNCTION = YES;
				GCC_WARN_UNUSED_VARIABLE = YES;
				IPHONEOS_DEPLOYMENT_TARGET = 17.4;
				LOCALIZATION_PREFERS_STRING_CATALOGS = YES;
				MTL_ENABLE_DEBUG_INFO = INCLUDE_SOURCE;
				MTL_FAST_MATH = YES;
				ONLY_ACTIVE_ARCH = YES;
				SDKROOT = iphoneos;
				SWIFT_ACTIVE_COMPILATION_CONDITIONS = "DEBUG $(inherited)";
				SWIFT_OPTIMIZATION_LEVEL = "-Onone";
			};
			name = Debug;
		};
		F6890EAF2C2BBB330042C151 /* Release */ = {
			isa = XCBuildConfiguration;
			buildSettings = {
				ALWAYS_SEARCH_USER_PATHS = NO;
				ASSETCATALOG_COMPILER_GENERATE_SWIFT_ASSET_SYMBOL_EXTENSIONS = YES;
				CLANG_ANALYZER_NONNULL = YES;
				CLANG_ANALYZER_NUMBER_OBJECT_CONVERSION = YES_AGGRESSIVE;
				CLANG_CXX_LANGUAGE_STANDARD = "gnu++20";
				CLANG_ENABLE_MODULES = YES;
				CLANG_ENABLE_OBJC_ARC = YES;
				CLANG_ENABLE_OBJC_WEAK = YES;
				CLANG_WARN_BLOCK_CAPTURE_AUTORELEASING = YES;
				CLANG_WARN_BOOL_CONVERSION = YES;
				CLANG_WARN_COMMA = YES;
				CLANG_WARN_CONSTANT_CONVERSION = YES;
				CLANG_WARN_DEPRECATED_OBJC_IMPLEMENTATIONS = YES;
				CLANG_WARN_DIRECT_OBJC_ISA_USAGE = YES_ERROR;
				CLANG_WARN_DOCUMENTATION_COMMENTS = YES;
				CLANG_WARN_EMPTY_BODY = YES;
				CLANG_WARN_ENUM_CONVERSION = YES;
				CLANG_WARN_INFINITE_RECURSION = YES;
				CLANG_WARN_INT_CONVERSION = YES;
				CLANG_WARN_NON_LITERAL_NULL_CONVERSION = YES;
				CLANG_WARN_OBJC_IMPLICIT_RETAIN_SELF = YES;
				CLANG_WARN_OBJC_LITERAL_CONVERSION = YES;
				CLANG_WARN_OBJC_ROOT_CLASS = YES_ERROR;
				CLANG_WARN_QUOTED_INCLUDE_IN_FRAMEWORK_HEADER = YES;
				CLANG_WARN_RANGE_LOOP_ANALYSIS = YES;
				CLANG_WARN_STRICT_PROTOTYPES = YES;
				CLANG_WARN_SUSPICIOUS_MOVE = YES;
				CLANG_WARN_UNGUARDED_AVAILABILITY = YES_AGGRESSIVE;
				CLANG_WARN_UNREACHABLE_CODE = YES;
				CLANG_WARN__DUPLICATE_METHOD_MATCH = YES;
				COPY_PHASE_STRIP = NO;
				DEBUG_INFORMATION_FORMAT = "dwarf-with-dsym";
				ENABLE_NS_ASSERTIONS = NO;
				ENABLE_STRICT_OBJC_MSGSEND = YES;
				ENABLE_USER_SCRIPT_SANDBOXING = YES;
				GCC_C_LANGUAGE_STANDARD = gnu17;
				GCC_NO_COMMON_BLOCKS = YES;
				GCC_WARN_64_TO_32_BIT_CONVERSION = YES;
				GCC_WARN_ABOUT_RETURN_TYPE = YES_ERROR;
				GCC_WARN_UNDECLARED_SELECTOR = YES;
				GCC_WARN_UNINITIALIZED_AUTOS = YES_AGGRESSIVE;
				GCC_WARN_UNUSED_FUNCTION = YES;
				GCC_WARN_UNUSED_VARIABLE = YES;
				IPHONEOS_DEPLOYMENT_TARGET = 17.4;
				LOCALIZATION_PREFERS_STRING_CATALOGS = YES;
				MTL_ENABLE_DEBUG_INFO = NO;
				MTL_FAST_MATH = YES;
				SDKROOT = iphoneos;
				SWIFT_COMPILATION_MODE = wholemodule;
				VALIDATE_PRODUCT = YES;
			};
			name = Release;
		};
		F6890EB12C2BBB330042C151 /* Debug */ = {
			isa = XCBuildConfiguration;
			buildSettings = {
				ASSETCATALOG_COMPILER_APPICON_NAME = AppIcon;
				ASSETCATALOG_COMPILER_GLOBAL_ACCENT_COLOR_NAME = AccentColor;
				CODE_SIGN_STYLE = Automatic;
				CURRENT_PROJECT_VERSION = 1;
				DEVELOPMENT_ASSET_PATHS = "\"MeowBites/Preview Content\"";
				DEVELOPMENT_TEAM = 2RQ6LB993C;
				ENABLE_PREVIEWS = YES;
				GENERATE_INFOPLIST_FILE = YES;
				INFOPLIST_KEY_UIApplicationSceneManifest_Generation = YES;
				INFOPLIST_KEY_UIApplicationSupportsIndirectInputEvents = YES;
				INFOPLIST_KEY_UILaunchScreen_Generation = YES;
				INFOPLIST_KEY_UISupportedInterfaceOrientations_iPad = "UIInterfaceOrientationPortrait UIInterfaceOrientationPortraitUpsideDown UIInterfaceOrientationLandscapeLeft UIInterfaceOrientationLandscapeRight";
				INFOPLIST_KEY_UISupportedInterfaceOrientations_iPhone = "UIInterfaceOrientationPortrait UIInterfaceOrientationLandscapeLeft UIInterfaceOrientationLandscapeRight";
				INFOPLIST_KEY_UIUserInterfaceStyle = Light;
				IPHONEOS_DEPLOYMENT_TARGET = 17.0;
				IPHONEOS_DEPLOYMENT_TARGET = 17.2;
				LD_RUNPATH_SEARCH_PATHS = (
					"$(inherited)",
					"@executable_path/Frameworks",
				);
				MARKETING_VERSION = 1.0;
				PRODUCT_BUNDLE_IDENTIFIER = test.MeowBites;
				PRODUCT_NAME = "$(TARGET_NAME)";
				SWIFT_EMIT_LOC_STRINGS = YES;
				SWIFT_VERSION = 5.0;
				TARGETED_DEVICE_FAMILY = "1,2";
			};
			name = Debug;
		};
		F6890EB22C2BBB330042C151 /* Release */ = {
			isa = XCBuildConfiguration;
			buildSettings = {
				ASSETCATALOG_COMPILER_APPICON_NAME = AppIcon;
				ASSETCATALOG_COMPILER_GLOBAL_ACCENT_COLOR_NAME = AccentColor;
				CODE_SIGN_STYLE = Automatic;
				CURRENT_PROJECT_VERSION = 1;
				DEVELOPMENT_ASSET_PATHS = "\"MeowBites/Preview Content\"";
				DEVELOPMENT_TEAM = 2RQ6LB993C;
				ENABLE_PREVIEWS = YES;
				GENERATE_INFOPLIST_FILE = YES;
				INFOPLIST_KEY_UIApplicationSceneManifest_Generation = YES;
				INFOPLIST_KEY_UIApplicationSupportsIndirectInputEvents = YES;
				INFOPLIST_KEY_UILaunchScreen_Generation = YES;
				INFOPLIST_KEY_UISupportedInterfaceOrientations_iPad = "UIInterfaceOrientationPortrait UIInterfaceOrientationPortraitUpsideDown UIInterfaceOrientationLandscapeLeft UIInterfaceOrientationLandscapeRight";
				INFOPLIST_KEY_UISupportedInterfaceOrientations_iPhone = "UIInterfaceOrientationPortrait UIInterfaceOrientationLandscapeLeft UIInterfaceOrientationLandscapeRight";
				INFOPLIST_KEY_UIUserInterfaceStyle = Light;
				IPHONEOS_DEPLOYMENT_TARGET = 17.0;
				IPHONEOS_DEPLOYMENT_TARGET = 17.2;
				LD_RUNPATH_SEARCH_PATHS = (
					"$(inherited)",
					"@executable_path/Frameworks",
				);
				MARKETING_VERSION = 1.0;
				PRODUCT_BUNDLE_IDENTIFIER = test.MeowBites;
				PRODUCT_NAME = "$(TARGET_NAME)";
				SWIFT_EMIT_LOC_STRINGS = YES;
				SWIFT_VERSION = 5.0;
				TARGETED_DEVICE_FAMILY = "1,2";
			};
			name = Release;
		};
/* End XCBuildConfiguration section */

/* Begin XCConfigurationList section */
		F6890E9D2C2BBB320042C151 /* Build configuration list for PBXProject "MeowBites" */ = {
			isa = XCConfigurationList;
			buildConfigurations = (
				F6890EAE2C2BBB330042C151 /* Debug */,
				F6890EAF2C2BBB330042C151 /* Release */,
			);
			defaultConfigurationIsVisible = 0;
			defaultConfigurationName = Release;
		};
		F6890EB02C2BBB330042C151 /* Build configuration list for PBXNativeTarget "MeowBites" */ = {
			isa = XCConfigurationList;
			buildConfigurations = (
				F6890EB12C2BBB330042C151 /* Debug */,
				F6890EB22C2BBB330042C151 /* Release */,
			);
			defaultConfigurationIsVisible = 0;
			defaultConfigurationName = Release;
		};
/* End XCConfigurationList section */
	};
	rootObject = F6890E9A2C2BBB320042C151 /* Project object */;
}
